
Microsoft Visual Studio Solution File, Format Version 12.00
# Visual Studio Version 17
VisualStudioVersion = 17.9.34616.47
MinimumVisualStudioVersion = 10.0.40219.1
Project("{FAE04EC0-301F-11D3-BF4B-00C04F79EFBC}") = "path", "path\path.csproj", "{687221B4-7146-4CF3-A4B9-74D0FCD0CC6F}"
EndProject
Global
	GlobalSection(SolutionConfigurationPlatforms) = preSolution
		Debug|Any CPU = Debug|Any CPU
		Release|Any CPU = Release|Any CPU
	EndGlobalSection
	GlobalSection(ProjectConfigurationPlatforms) = postSolution
		{687221B4-7146-4CF3-A4B9-74D0FCD0CC6F}.Debug|Any CPU.ActiveCfg = Debug|Any CPU
		{687221B4-7146-4CF3-A4B9-74D0FCD0CC6F}.Debug|Any CPU.Build.0 = Debug|Any CPU
		{687221B4-7146-4CF3-A4B9-74D0FCD0CC6F}.Release|Any CPU.ActiveCfg = Release|Any CPU
		{687221B4-7146-4CF3-A4B9-74D0FCD0CC6F}.Release|Any CPU.Build.0 = Release|Any CPU
	EndGlobalSection
	GlobalSection(SolutionProperties) = preSolution
		HideSolutionNode = FALSE
	EndGlobalSection
	GlobalSection(ExtensibilityGlobals) = postSolution
		SolutionGuid = {A07898B9-2321-4635-99CD-1C123DB8C94D}
	EndGlobalSection
EndGlobal
