
Microsoft Visual Studio Solution File, Format Version 12.00
# Visual Studio Version 17
VisualStudioVersion = 17.9.34616.47
MinimumVisualStudioVersion = 10.0.40219.1
Project("{FAE04EC0-301F-11D3-BF4B-00C04F79EFBC}") = "ExPostagens", "ExPostagens\ExPostagens.csproj", "{291F88E8-099D-4165-B3E3-7BFFF6543A3B}"
EndProject
Global
	GlobalSection(SolutionConfigurationPlatforms) = preSolution
		Debug|Any CPU = Debug|Any CPU
		Release|Any CPU = Release|Any CPU
	EndGlobalSection
	GlobalSection(ProjectConfigurationPlatforms) = postSolution
		{291F88E8-099D-4165-B3E3-7BFFF6543A3B}.Debug|Any CPU.ActiveCfg = Debug|Any CPU
		{291F88E8-099D-4165-B3E3-7BFFF6543A3B}.Debug|Any CPU.Build.0 = Debug|Any CPU
		{291F88E8-099D-4165-B3E3-7BFFF6543A3B}.Release|Any CPU.ActiveCfg = Release|Any CPU
		{291F88E8-099D-4165-B3E3-7BFFF6543A3B}.Release|Any CPU.Build.0 = Release|Any CPU
	EndGlobalSection
	GlobalSection(SolutionProperties) = preSolution
		HideSolutionNode = FALSE
	EndGlobalSection
	GlobalSection(ExtensibilityGlobals) = postSolution
		SolutionGuid = {D9D830AF-696B-49A6-B036-F61C6B4D966F}
	EndGlobalSection
EndGlobal
