
Microsoft Visual Studio Solution File, Format Version 12.00
# Visual Studio Version 17
VisualStudioVersion = 17.9.34616.47
MinimumVisualStudioVersion = 10.0.40219.1
Project("{FAE04EC0-301F-11D3-BF4B-00C04F79EFBC}") = "locacaoDeCarro", "locacaoDeCarro\locacaoDeCarro.csproj", "{D5F27EC7-F7B6-4CF7-9B89-99244C32690E}"
EndProject
Global
	GlobalSection(SolutionConfigurationPlatforms) = preSolution
		Debug|Any CPU = Debug|Any CPU
		Release|Any CPU = Release|Any CPU
	EndGlobalSection
	GlobalSection(ProjectConfigurationPlatforms) = postSolution
		{D5F27EC7-F7B6-4CF7-9B89-99244C32690E}.Debug|Any CPU.ActiveCfg = Debug|Any CPU
		{D5F27EC7-F7B6-4CF7-9B89-99244C32690E}.Debug|Any CPU.Build.0 = Debug|Any CPU
		{D5F27EC7-F7B6-4CF7-9B89-99244C32690E}.Release|Any CPU.ActiveCfg = Release|Any CPU
		{D5F27EC7-F7B6-4CF7-9B89-99244C32690E}.Release|Any CPU.Build.0 = Release|Any CPU
	EndGlobalSection
	GlobalSection(SolutionProperties) = preSolution
		HideSolutionNode = FALSE
	EndGlobalSection
	GlobalSection(ExtensibilityGlobals) = postSolution
		SolutionGuid = {977396E1-3FD4-40C1-B77C-FE27592BC235}
	EndGlobalSection
EndGlobal
