
Microsoft Visual Studio Solution File, Format Version 12.00
# Visual Studio Version 17
VisualStudioVersion = 17.9.34616.47
MinimumVisualStudioVersion = 10.0.40219.1
Project("{FAE04EC0-301F-11D3-BF4B-00C04F79EFBC}") = "ExTianguloComClasses", "ExTianguloComClasses\ExTianguloComClasses.csproj", "{19A136B0-75EC-4311-8462-659C30FDF532}"
EndProject
Global
	GlobalSection(SolutionConfigurationPlatforms) = preSolution
		Debug|Any CPU = Debug|Any CPU
		Release|Any CPU = Release|Any CPU
	EndGlobalSection
	GlobalSection(ProjectConfigurationPlatforms) = postSolution
		{19A136B0-75EC-4311-8462-659C30FDF532}.Debug|Any CPU.ActiveCfg = Debug|Any CPU
		{19A136B0-75EC-4311-8462-659C30FDF532}.Debug|Any CPU.Build.0 = Debug|Any CPU
		{19A136B0-75EC-4311-8462-659C30FDF532}.Release|Any CPU.ActiveCfg = Release|Any CPU
		{19A136B0-75EC-4311-8462-659C30FDF532}.Release|Any CPU.Build.0 = Release|Any CPU
	EndGlobalSection
	GlobalSection(SolutionProperties) = preSolution
		HideSolutionNode = FALSE
	EndGlobalSection
	GlobalSection(ExtensibilityGlobals) = postSolution
		SolutionGuid = {7B2E018E-E1DA-4339-BDB2-CA859046BE7C}
	EndGlobalSection
EndGlobal
