
Microsoft Visual Studio Solution File, Format Version 12.00
# Visual Studio Version 17
VisualStudioVersion = 17.9.34616.47
MinimumVisualStudioVersion = 10.0.40219.1
Project("{FAE04EC0-301F-11D3-BF4B-00C04F79EFBC}") = "TrabalhandoComArquivos-Fixacao", "TrabalhandoComArquivos-Fixacao\TrabalhandoComArquivos-Fixacao.csproj", "{C44A9377-4D44-4259-A288-5407C9E478F7}"
EndProject
Global
	GlobalSection(SolutionConfigurationPlatforms) = preSolution
		Debug|Any CPU = Debug|Any CPU
		Release|Any CPU = Release|Any CPU
	EndGlobalSection
	GlobalSection(ProjectConfigurationPlatforms) = postSolution
		{C44A9377-4D44-4259-A288-5407C9E478F7}.Debug|Any CPU.ActiveCfg = Debug|Any CPU
		{C44A9377-4D44-4259-A288-5407C9E478F7}.Debug|Any CPU.Build.0 = Debug|Any CPU
		{C44A9377-4D44-4259-A288-5407C9E478F7}.Release|Any CPU.ActiveCfg = Release|Any CPU
		{C44A9377-4D44-4259-A288-5407C9E478F7}.Release|Any CPU.Build.0 = Release|Any CPU
	EndGlobalSection
	GlobalSection(SolutionProperties) = preSolution
		HideSolutionNode = FALSE
	EndGlobalSection
	GlobalSection(ExtensibilityGlobals) = postSolution
		SolutionGuid = {CDE20A41-BC0A-4B69-AC16-86D3FA41A8DA}
	EndGlobalSection
EndGlobal
